
Microsoft Visual Studio Solution File, Format Version 12.00
# Visual Studio Version 17
VisualStudioVersion = 17.0.31903.59
MinimumVisualStudioVersion = 10.0.40219.1
Project("{2150E333-8FDC-42A3-9474-1A3956D46DE8}") = "mods", "mods", "{ED7DE66D-1FF1-BCCD-393E-2D4AFCA661A0}"
EndProject
Project("{FAE04EC0-301F-11D3-BF4B-00C04F79EFBC}") = "Staff Firing Freeze Fix", "mods\Staff Firing Freeze Fix\Staff Firing Freeze Fix.csproj", "{FB6F2660-2FFD-4BCE-A845-6DA7E67B6B7F}"
EndProject
Project("{FAE04EC0-301F-11D3-BF4B-00C04F79EFBC}") = "IM UI Framework", "mods\IM UI Framework\IM UI Framework.csproj", "{F819F524-F5A4-4B57-9363-9E9A3499696A}"
EndProject
Project("{FAE04EC0-301F-11D3-BF4B-00C04F79EFBC}") = "Idol Career Diary", "mods\Idol Career Diary\Idol Career Diary.csproj", "{AE51B652-7496-45EC-B7E0-35792E2AD3E1}"
EndProject
Project("{FAE04EC0-301F-11D3-BF4B-00C04F79EFBC}") = "IM Data Core", "mods\IM Data Core\IM Data Core.csproj", "{F4B5082B-45F6-4C92-8DA3-DFBE365B1374}"
EndProject
Project("{FAE04EC0-301F-11D3-BF4B-00C04F79EFBC}") = "Graduation Rebalances", "mods\Graduation Rebalances\Graduation Rebalances.csproj", "{23DC9894-DB84-4D35-84C5-221C8FCF9203}"
EndProject
Project("{FAE04EC0-301F-11D3-BF4B-00C04F79EFBC}") = "UI Recovery Tools", "mods\UI Recovery Tools\UI Recovery Tools.csproj", "{BD20AC32-9E5C-4637-B8B3-C0E843FA1AFE}"
EndProject
Project("{FAE04EC0-301F-11D3-BF4B-00C04F79EFBC}") = "Graduation Calendar", "mods\Graduation Calendar\Graduation Calendar.csproj", "{FB953EA2-2259-4306-AC24-92D3D5404BF4}"
EndProject
Project("{FAE04EC0-301F-11D3-BF4B-00C04F79EFBC}") = "Graduation Details", "mods\Graduation Details\Graduation Details.csproj", "{0FCCAA49-6009-4251-8ED8-6DD317F5B35C}"
EndProject
Project("{FAE04EC0-301F-11D3-BF4B-00C04F79EFBC}") = "Divorce Fix", "mods\Divorce Fix\Divorce Fix.csproj", "{0B7F4B5E-323E-4116-AB2F-967A9EC920E6}"
EndProject
Project("{FAE04EC0-301F-11D3-BF4B-00C04F79EFBC}") = "No Bullying Policy", "mods\No Bullying Policy\No Bullying Policy.csproj", "{A331969C-1078-77EC-CCBA-8DF9C3DBE847}"
EndProject
Global
	GlobalSection(SolutionConfigurationPlatforms) = preSolution
		Debug|Any CPU = Debug|Any CPU
		Debug|x64 = Debug|x64
		Debug|x86 = Debug|x86
		Release|Any CPU = Release|Any CPU
		Release|x64 = Release|x64
		Release|x86 = Release|x86
	EndGlobalSection
	GlobalSection(ProjectConfigurationPlatforms) = postSolution
		{FB6F2660-2FFD-4BCE-A845-6DA7E67B6B7F}.Debug|Any CPU.ActiveCfg = Debug|Any CPU
		{FB6F2660-2FFD-4BCE-A845-6DA7E67B6B7F}.Debug|Any CPU.Build.0 = Debug|Any CPU
		{FB6F2660-2FFD-4BCE-A845-6DA7E67B6B7F}.Debug|x64.ActiveCfg = Debug|Any CPU
		{FB6F2660-2FFD-4BCE-A845-6DA7E67B6B7F}.Debug|x64.Build.0 = Debug|Any CPU
		{FB6F2660-2FFD-4BCE-A845-6DA7E67B6B7F}.Debug|x86.ActiveCfg = Debug|Any CPU
		{FB6F2660-2FFD-4BCE-A845-6DA7E67B6B7F}.Debug|x86.Build.0 = Debug|Any CPU
		{FB6F2660-2FFD-4BCE-A845-6DA7E67B6B7F}.Release|Any CPU.ActiveCfg = Release|Any CPU
		{FB6F2660-2FFD-4BCE-A845-6DA7E67B6B7F}.Release|Any CPU.Build.0 = Release|Any CPU
		{FB6F2660-2FFD-4BCE-A845-6DA7E67B6B7F}.Release|x64.ActiveCfg = Release|Any CPU
		{FB6F2660-2FFD-4BCE-A845-6DA7E67B6B7F}.Release|x64.Build.0 = Release|Any CPU
		{FB6F2660-2FFD-4BCE-A845-6DA7E67B6B7F}.Release|x86.ActiveCfg = Release|Any CPU
		{FB6F2660-2FFD-4BCE-A845-6DA7E67B6B7F}.Release|x86.Build.0 = Release|Any CPU
		{F819F524-F5A4-4B57-9363-9E9A3499696A}.Debug|Any CPU.ActiveCfg = Debug|Any CPU
		{F819F524-F5A4-4B57-9363-9E9A3499696A}.Debug|Any CPU.Build.0 = Debug|Any CPU
		{F819F524-F5A4-4B57-9363-9E9A3499696A}.Debug|x64.ActiveCfg = Debug|Any CPU
		{F819F524-F5A4-4B57-9363-9E9A3499696A}.Debug|x64.Build.0 = Debug|Any CPU
		{F819F524-F5A4-4B57-9363-9E9A3499696A}.Debug|x86.ActiveCfg = Debug|Any CPU
		{F819F524-F5A4-4B57-9363-9E9A3499696A}.Debug|x86.Build.0 = Debug|Any CPU
		{F819F524-F5A4-4B57-9363-9E9A3499696A}.Release|Any CPU.ActiveCfg = Release|Any CPU
		{F819F524-F5A4-4B57-9363-9E9A3499696A}.Release|Any CPU.Build.0 = Release|Any CPU
		{F819F524-F5A4-4B57-9363-9E9A3499696A}.Release|x64.ActiveCfg = Release|Any CPU
		{F819F524-F5A4-4B57-9363-9E9A3499696A}.Release|x64.Build.0 = Release|Any CPU
		{F819F524-F5A4-4B57-9363-9E9A3499696A}.Release|x86.ActiveCfg = Release|Any CPU
		{F819F524-F5A4-4B57-9363-9E9A3499696A}.Release|x86.Build.0 = Release|Any CPU
		{AE51B652-7496-45EC-B7E0-35792E2AD3E1}.Debug|Any CPU.ActiveCfg = Debug|Any CPU
		{AE51B652-7496-45EC-B7E0-35792E2AD3E1}.Debug|Any CPU.Build.0 = Debug|Any CPU
		{AE51B652-7496-45EC-B7E0-35792E2AD3E1}.Debug|x64.ActiveCfg = Debug|Any CPU
		{AE51B652-7496-45EC-B7E0-35792E2AD3E1}.Debug|x64.Build.0 = Debug|Any CPU
		{AE51B652-7496-45EC-B7E0-35792E2AD3E1}.Debug|x86.ActiveCfg = Debug|Any CPU
		{AE51B652-7496-45EC-B7E0-35792E2AD3E1}.Debug|x86.Build.0 = Debug|Any CPU
		{AE51B652-7496-45EC-B7E0-35792E2AD3E1}.Release|Any CPU.ActiveCfg = Release|Any CPU
		{AE51B652-7496-45EC-B7E0-35792E2AD3E1}.Release|Any CPU.Build.0 = Release|Any CPU
		{AE51B652-7496-45EC-B7E0-35792E2AD3E1}.Release|x64.ActiveCfg = Release|Any CPU
		{AE51B652-7496-45EC-B7E0-35792E2AD3E1}.Release|x64.Build.0 = Release|Any CPU
		{AE51B652-7496-45EC-B7E0-35792E2AD3E1}.Release|x86.ActiveCfg = Release|Any CPU
		{AE51B652-7496-45EC-B7E0-35792E2AD3E1}.Release|x86.Build.0 = Release|Any CPU
		{F4B5082B-45F6-4C92-8DA3-DFBE365B1374}.Debug|Any CPU.ActiveCfg = Debug|Any CPU
		{F4B5082B-45F6-4C92-8DA3-DFBE365B1374}.Debug|Any CPU.Build.0 = Debug|Any CPU
		{F4B5082B-45F6-4C92-8DA3-DFBE365B1374}.Debug|x64.ActiveCfg = Debug|Any CPU
		{F4B5082B-45F6-4C92-8DA3-DFBE365B1374}.Debug|x64.Build.0 = Debug|Any CPU
		{F4B5082B-45F6-4C92-8DA3-DFBE365B1374}.Debug|x86.ActiveCfg = Debug|Any CPU
		{F4B5082B-45F6-4C92-8DA3-DFBE365B1374}.Debug|x86.Build.0 = Debug|Any CPU
		{F4B5082B-45F6-4C92-8DA3-DFBE365B1374}.Release|Any CPU.ActiveCfg = Release|Any CPU
		{F4B5082B-45F6-4C92-8DA3-DFBE365B1374}.Release|Any CPU.Build.0 = Release|Any CPU
		{F4B5082B-45F6-4C92-8DA3-DFBE365B1374}.Release|x64.ActiveCfg = Release|Any CPU
		{F4B5082B-45F6-4C92-8DA3-DFBE365B1374}.Release|x64.Build.0 = Release|Any CPU
		{F4B5082B-45F6-4C92-8DA3-DFBE365B1374}.Release|x86.ActiveCfg = Release|Any CPU
		{F4B5082B-45F6-4C92-8DA3-DFBE365B1374}.Release|x86.Build.0 = Release|Any CPU
		{23DC9894-DB84-4D35-84C5-221C8FCF9203}.Debug|Any CPU.ActiveCfg = Debug|Any CPU
		{23DC9894-DB84-4D35-84C5-221C8FCF9203}.Debug|Any CPU.Build.0 = Debug|Any CPU
		{23DC9894-DB84-4D35-84C5-221C8FCF9203}.Debug|x64.ActiveCfg = Debug|Any CPU
		{23DC9894-DB84-4D35-84C5-221C8FCF9203}.Debug|x64.Build.0 = Debug|Any CPU
		{23DC9894-DB84-4D35-84C5-221C8FCF9203}.Debug|x86.ActiveCfg = Debug|Any CPU
		{23DC9894-DB84-4D35-84C5-221C8FCF9203}.Debug|x86.Build.0 = Debug|Any CPU
		{23DC9894-DB84-4D35-84C5-221C8FCF9203}.Release|Any CPU.ActiveCfg = Release|Any CPU
		{23DC9894-DB84-4D35-84C5-221C8FCF9203}.Release|Any CPU.Build.0 = Release|Any CPU
		{23DC9894-DB84-4D35-84C5-221C8FCF9203}.Release|x64.ActiveCfg = Release|Any CPU
		{23DC9894-DB84-4D35-84C5-221C8FCF9203}.Release|x64.Build.0 = Release|Any CPU
		{23DC9894-DB84-4D35-84C5-221C8FCF9203}.Release|x86.ActiveCfg = Release|Any CPU
		{23DC9894-DB84-4D35-84C5-221C8FCF9203}.Release|x86.Build.0 = Release|Any CPU
		{BD20AC32-9E5C-4637-B8B3-C0E843FA1AFE}.Debug|Any CPU.ActiveCfg = Debug|Any CPU
		{BD20AC32-9E5C-4637-B8B3-C0E843FA1AFE}.Debug|Any CPU.Build.0 = Debug|Any CPU
		{BD20AC32-9E5C-4637-B8B3-C0E843FA1AFE}.Debug|x64.ActiveCfg = Debug|Any CPU
		{BD20AC32-9E5C-4637-B8B3-C0E843FA1AFE}.Debug|x64.Build.0 = Debug|Any CPU
		{BD20AC32-9E5C-4637-B8B3-C0E843FA1AFE}.Debug|x86.ActiveCfg = Debug|Any CPU
		{BD20AC32-9E5C-4637-B8B3-C0E843FA1AFE}.Debug|x86.Build.0 = Debug|Any CPU
		{BD20AC32-9E5C-4637-B8B3-C0E843FA1AFE}.Release|Any CPU.ActiveCfg = Release|Any CPU
		{BD20AC32-9E5C-4637-B8B3-C0E843FA1AFE}.Release|Any CPU.Build.0 = Release|Any CPU
		{BD20AC32-9E5C-4637-B8B3-C0E843FA1AFE}.Release|x64.ActiveCfg = Release|Any CPU
		{BD20AC32-9E5C-4637-B8B3-C0E843FA1AFE}.Release|x64.Build.0 = Release|Any CPU
		{BD20AC32-9E5C-4637-B8B3-C0E843FA1AFE}.Release|x86.ActiveCfg = Release|Any CPU
		{BD20AC32-9E5C-4637-B8B3-C0E843FA1AFE}.Release|x86.Build.0 = Release|Any CPU
		{FB953EA2-2259-4306-AC24-92D3D5404BF4}.Debug|Any CPU.ActiveCfg = Debug|Any CPU
		{FB953EA2-2259-4306-AC24-92D3D5404BF4}.Debug|Any CPU.Build.0 = Debug|Any CPU
		{FB953EA2-2259-4306-AC24-92D3D5404BF4}.Debug|x64.ActiveCfg = Debug|Any CPU
		{FB953EA2-2259-4306-AC24-92D3D5404BF4}.Debug|x64.Build.0 = Debug|Any CPU
		{FB953EA2-2259-4306-AC24-92D3D5404BF4}.Debug|x86.ActiveCfg = Debug|Any CPU
		{FB953EA2-2259-4306-AC24-92D3D5404BF4}.Debug|x86.Build.0 = Debug|Any CPU
		{FB953EA2-2259-4306-AC24-92D3D5404BF4}.Release|Any CPU.ActiveCfg = Release|Any CPU
		{FB953EA2-2259-4306-AC24-92D3D5404BF4}.Release|Any CPU.Build.0 = Release|Any CPU
		{FB953EA2-2259-4306-AC24-92D3D5404BF4}.Release|x64.ActiveCfg = Release|Any CPU
		{FB953EA2-2259-4306-AC24-92D3D5404BF4}.Release|x64.Build.0 = Release|Any CPU
		{FB953EA2-2259-4306-AC24-92D3D5404BF4}.Release|x86.ActiveCfg = Release|Any CPU
		{FB953EA2-2259-4306-AC24-92D3D5404BF4}.Release|x86.Build.0 = Release|Any CPU
		{0FCCAA49-6009-4251-8ED8-6DD317F5B35C}.Debug|Any CPU.ActiveCfg = Debug|Any CPU
		{0FCCAA49-6009-4251-8ED8-6DD317F5B35C}.Debug|Any CPU.Build.0 = Debug|Any CPU
		{0FCCAA49-6009-4251-8ED8-6DD317F5B35C}.Debug|x64.ActiveCfg = Debug|Any CPU
		{0FCCAA49-6009-4251-8ED8-6DD317F5B35C}.Debug|x64.Build.0 = Debug|Any CPU
		{0FCCAA49-6009-4251-8ED8-6DD317F5B35C}.Debug|x86.ActiveCfg = Debug|Any CPU
		{0FCCAA49-6009-4251-8ED8-6DD317F5B35C}.Debug|x86.Build.0 = Debug|Any CPU
		{0FCCAA49-6009-4251-8ED8-6DD317F5B35C}.Release|Any CPU.ActiveCfg = Release|Any CPU
		{0FCCAA49-6009-4251-8ED8-6DD317F5B35C}.Release|Any CPU.Build.0 = Release|Any CPU
		{0FCCAA49-6009-4251-8ED8-6DD317F5B35C}.Release|x64.ActiveCfg = Release|Any CPU
		{0FCCAA49-6009-4251-8ED8-6DD317F5B35C}.Release|x64.Build.0 = Release|Any CPU
		{0FCCAA49-6009-4251-8ED8-6DD317F5B35C}.Release|x86.ActiveCfg = Release|Any CPU
		{0FCCAA49-6009-4251-8ED8-6DD317F5B35C}.Release|x86.Build.0 = Release|Any CPU
		{0B7F4B5E-323E-4116-AB2F-967A9EC920E6}.Debug|Any CPU.ActiveCfg = Debug|Any CPU
		{0B7F4B5E-323E-4116-AB2F-967A9EC920E6}.Debug|Any CPU.Build.0 = Debug|Any CPU
		{0B7F4B5E-323E-4116-AB2F-967A9EC920E6}.Debug|x64.ActiveCfg = Debug|Any CPU
		{0B7F4B5E-323E-4116-AB2F-967A9EC920E6}.Debug|x64.Build.0 = Debug|Any CPU
		{0B7F4B5E-323E-4116-AB2F-967A9EC920E6}.Debug|x86.ActiveCfg = Debug|Any CPU
		{0B7F4B5E-323E-4116-AB2F-967A9EC920E6}.Debug|x86.Build.0 = Debug|Any CPU
		{0B7F4B5E-323E-4116-AB2F-967A9EC920E6}.Release|Any CPU.ActiveCfg = Release|Any CPU
		{0B7F4B5E-323E-4116-AB2F-967A9EC920E6}.Release|Any CPU.Build.0 = Release|Any CPU
		{0B7F4B5E-323E-4116-AB2F-967A9EC920E6}.Release|x64.ActiveCfg = Release|Any CPU
		{0B7F4B5E-323E-4116-AB2F-967A9EC920E6}.Release|x64.Build.0 = Release|Any CPU
		{0B7F4B5E-323E-4116-AB2F-967A9EC920E6}.Release|x86.ActiveCfg = Release|Any CPU
		{0B7F4B5E-323E-4116-AB2F-967A9EC920E6}.Release|x86.Build.0 = Release|Any CPU
		{A331969C-1078-77EC-CCBA-8DF9C3DBE847}.Debug|Any CPU.ActiveCfg = Debug|Any CPU
		{A331969C-1078-77EC-CCBA-8DF9C3DBE847}.Debug|Any CPU.Build.0 = Debug|Any CPU
		{A331969C-1078-77EC-CCBA-8DF9C3DBE847}.Debug|x64.ActiveCfg = Debug|Any CPU
		{A331969C-1078-77EC-CCBA-8DF9C3DBE847}.Debug|x64.Build.0 = Debug|Any CPU
		{A331969C-1078-77EC-CCBA-8DF9C3DBE847}.Debug|x86.ActiveCfg = Debug|Any CPU
		{A331969C-1078-77EC-CCBA-8DF9C3DBE847}.Debug|x86.Build.0 = Debug|Any CPU
		{A331969C-1078-77EC-CCBA-8DF9C3DBE847}.Release|Any CPU.ActiveCfg = Release|Any CPU
		{A331969C-1078-77EC-CCBA-8DF9C3DBE847}.Release|Any CPU.Build.0 = Release|Any CPU
		{A331969C-1078-77EC-CCBA-8DF9C3DBE847}.Release|x64.ActiveCfg = Release|Any CPU
		{A331969C-1078-77EC-CCBA-8DF9C3DBE847}.Release|x64.Build.0 = Release|Any CPU
		{A331969C-1078-77EC-CCBA-8DF9C3DBE847}.Release|x86.ActiveCfg = Release|Any CPU
		{A331969C-1078-77EC-CCBA-8DF9C3DBE847}.Release|x86.Build.0 = Release|Any CPU
	EndGlobalSection
	GlobalSection(SolutionProperties) = preSolution
		HideSolutionNode = FALSE
	EndGlobalSection
	GlobalSection(NestedProjects) = preSolution
		{FB6F2660-2FFD-4BCE-A845-6DA7E67B6B7F} = {ED7DE66D-1FF1-BCCD-393E-2D4AFCA661A0}
		{F819F524-F5A4-4B57-9363-9E9A3499696A} = {ED7DE66D-1FF1-BCCD-393E-2D4AFCA661A0}
		{AE51B652-7496-45EC-B7E0-35792E2AD3E1} = {ED7DE66D-1FF1-BCCD-393E-2D4AFCA661A0}
		{F4B5082B-45F6-4C92-8DA3-DFBE365B1374} = {ED7DE66D-1FF1-BCCD-393E-2D4AFCA661A0}
		{23DC9894-DB84-4D35-84C5-221C8FCF9203} = {ED7DE66D-1FF1-BCCD-393E-2D4AFCA661A0}
		{BD20AC32-9E5C-4637-B8B3-C0E843FA1AFE} = {ED7DE66D-1FF1-BCCD-393E-2D4AFCA661A0}
		{FB953EA2-2259-4306-AC24-92D3D5404BF4} = {ED7DE66D-1FF1-BCCD-393E-2D4AFCA661A0}
		{0FCCAA49-6009-4251-8ED8-6DD317F5B35C} = {ED7DE66D-1FF1-BCCD-393E-2D4AFCA661A0}
		{0B7F4B5E-323E-4116-AB2F-967A9EC920E6} = {ED7DE66D-1FF1-BCCD-393E-2D4AFCA661A0}
		{A331969C-1078-77EC-CCBA-8DF9C3DBE847} = {ED7DE66D-1FF1-BCCD-393E-2D4AFCA661A0}
	EndGlobalSection
EndGlobal
